
Microsoft Visual Studio Solution File, Format Version 12.00
# Visual Studio Version 16
VisualStudioVersion = 16.0.30225.117
MinimumVisualStudioVersion = 10.0.40219.1
Project("{9A19103F-16F7-4668-BE54-9A1E7A4F7556}") = "WebGallery.FileServer", "WebGallery.FileServer.csproj", "{3978CAA3-7E2D-4ED9-8D56-B772F5E69147}"
EndProject
Global
	GlobalSection(SolutionConfigurationPlatforms) = preSolution
		Debug|Any CPU = Debug|Any CPU
		Release|Any CPU = Release|Any CPU
	EndGlobalSection
	GlobalSection(ProjectConfigurationPlatforms) = postSolution
		{3978CAA3-7E2D-4ED9-8D56-B772F5E69147}.Debug|Any CPU.ActiveCfg = Debug|Any CPU
		{3978CAA3-7E2D-4ED9-8D56-B772F5E69147}.Debug|Any CPU.Build.0 = Debug|Any CPU
		{3978CAA3-7E2D-4ED9-8D56-B772F5E69147}.Release|Any CPU.ActiveCfg = Release|Any CPU
		{3978CAA3-7E2D-4ED9-8D56-B772F5E69147}.Release|Any CPU.Build.0 = Release|Any CPU
	EndGlobalSection
	GlobalSection(SolutionProperties) = preSolution
		HideSolutionNode = FALSE
	EndGlobalSection
	GlobalSection(ExtensibilityGlobals) = postSolution
		SolutionGuid = {30234615-08B0-408E-B656-48DD0D8DCCD6}
	EndGlobalSection
EndGlobal
